
Microsoft Visual Studio Solution File, Format Version 12.00
# Visual Studio 15
VisualStudioVersion = 15.0.28307.1259
MinimumVisualStudioVersion = 10.0.40219.1
Project("{8BC9CEB8-8B4A-11D0-8D11-00A0C91BC942}") = "HW2", "HW2\HW2.vcxproj", "{800A2F42-6EDB-431C-8926-5E340D82BAB8}"
EndProject
Global
	GlobalSection(SolutionConfigurationPlatforms) = preSolution
		Debug|x64 = Debug|x64
		Debug|x86 = Debug|x86
		Release|x64 = Release|x64
		Release|x86 = Release|x86
	EndGlobalSection
	GlobalSection(ProjectConfigurationPlatforms) = postSolution
		{800A2F42-6EDB-431C-8926-5E340D82BAB8}.Debug|x64.ActiveCfg = Debug|x64
		{800A2F42-6EDB-431C-8926-5E340D82BAB8}.Debug|x64.Build.0 = Debug|x64
		{800A2F42-6EDB-431C-8926-5E340D82BAB8}.Debug|x86.ActiveCfg = Debug|Win32
		{800A2F42-6EDB-431C-8926-5E340D82BAB8}.Debug|x86.Build.0 = Debug|Win32
		{800A2F42-6EDB-431C-8926-5E340D82BAB8}.Release|x64.ActiveCfg = Release|x64
		{800A2F42-6EDB-431C-8926-5E340D82BAB8}.Release|x64.Build.0 = Release|x64
		{800A2F42-6EDB-431C-8926-5E340D82BAB8}.Release|x86.ActiveCfg = Release|Win32
		{800A2F42-6EDB-431C-8926-5E340D82BAB8}.Release|x86.Build.0 = Release|Win32
	EndGlobalSection
	GlobalSection(SolutionProperties) = preSolution
		HideSolutionNode = FALSE
	EndGlobalSection
	GlobalSection(ExtensibilityGlobals) = postSolution
		SolutionGuid = {2F44499D-0C91-4FB7-95D8-3E28C30EA2F5}
	EndGlobalSection
EndGlobal
