
Microsoft Visual Studio Solution File, Format Version 12.00
# Visual Studio 15
VisualStudioVersion = 15.0.28307.1259
MinimumVisualStudioVersion = 10.0.40219.1
Project("{8BC9CEB8-8B4A-11D0-8D11-00A0C91BC942}") = "HW2", "HW2\HW2.vcxproj", "{570965C2-DEAA-402F-BDF2-88C1863F4949}"
EndProject
Global
	GlobalSection(SolutionConfigurationPlatforms) = preSolution
		Debug|x64 = Debug|x64
		Debug|x86 = Debug|x86
		Release|x64 = Release|x64
		Release|x86 = Release|x86
	EndGlobalSection
	GlobalSection(ProjectConfigurationPlatforms) = postSolution
		{570965C2-DEAA-402F-BDF2-88C1863F4949}.Debug|x64.ActiveCfg = Debug|x64
		{570965C2-DEAA-402F-BDF2-88C1863F4949}.Debug|x64.Build.0 = Debug|x64
		{570965C2-DEAA-402F-BDF2-88C1863F4949}.Debug|x86.ActiveCfg = Debug|Win32
		{570965C2-DEAA-402F-BDF2-88C1863F4949}.Debug|x86.Build.0 = Debug|Win32
		{570965C2-DEAA-402F-BDF2-88C1863F4949}.Release|x64.ActiveCfg = Release|x64
		{570965C2-DEAA-402F-BDF2-88C1863F4949}.Release|x64.Build.0 = Release|x64
		{570965C2-DEAA-402F-BDF2-88C1863F4949}.Release|x86.ActiveCfg = Release|Win32
		{570965C2-DEAA-402F-BDF2-88C1863F4949}.Release|x86.Build.0 = Release|Win32
	EndGlobalSection
	GlobalSection(SolutionProperties) = preSolution
		HideSolutionNode = FALSE
	EndGlobalSection
	GlobalSection(ExtensibilityGlobals) = postSolution
		SolutionGuid = {67E11B1C-7032-4A66-B69C-479EA53B74BF}
	EndGlobalSection
EndGlobal
